// !$*UTF8*$!
{
	archiveVersion = 1;
	classes = {
	};
	objectVersion = 56;
	objects = {

/* Begin PBXBuildFile section */
		D639ACC32991478600E80D62 /* NDProfileViewController.swift in Sources */ = {isa = PBXBuildFile; fileRef = D639ACC22991478600E80D62 /* NDProfileViewController.swift */; };
		D639ACC5299147B200E80D62 /* NDFavoritesViewController.swift in Sources */ = {isa = PBXBuildFile; fileRef = D639ACC4299147B200E80D62 /* NDFavoritesViewController.swift */; };
		D639ACC7299147EE00E80D62 /* NDTabBarController.swift in Sources */ = {isa = PBXBuildFile; fileRef = D639ACC6299147EE00E80D62 /* NDTabBarController.swift */; };
		D639ACC92991515C00E80D62 /* NDPostModel.swift in Sources */ = {isa = PBXBuildFile; fileRef = D639ACC82991515C00E80D62 /* NDPostModel.swift */; };
		D639ACCB2991531D00E80D62 /* NDUserModel.swift in Sources */ = {isa = PBXBuildFile; fileRef = D639ACCA2991531D00E80D62 /* NDUserModel.swift */; };
		D639ACD42991536100E80D62 /* NDFeedViewViewModel.swift in Sources */ = {isa = PBXBuildFile; fileRef = D639ACD32991536100E80D62 /* NDFeedViewViewModel.swift */; };
		D639ACD62991536F00E80D62 /* NDProfileViewViewModel.swift in Sources */ = {isa = PBXBuildFile; fileRef = D639ACD52991536F00E80D62 /* NDProfileViewViewModel.swift */; };
		D639ACD82991538400E80D62 /* NDFavoritesViewViewModel.swift in Sources */ = {isa = PBXBuildFile; fileRef = D639ACD72991538400E80D62 /* NDFavoritesViewViewModel.swift */; };
		D639ACDA2991541600E80D62 /* NDFeedView.swift in Sources */ = {isa = PBXBuildFile; fileRef = D639ACD92991541600E80D62 /* NDFeedView.swift */; };
		D639ACDC2991543300E80D62 /* NDProfileView.swift in Sources */ = {isa = PBXBuildFile; fileRef = D639ACDB2991543300E80D62 /* NDProfileView.swift */; };
		D639ACDE2991544200E80D62 /* NDFavoritesView.swift in Sources */ = {isa = PBXBuildFile; fileRef = D639ACDD2991544200E80D62 /* NDFavoritesView.swift */; };
		D639ACE02991738F00E80D62 /* File.swift in Sources */ = {isa = PBXBuildFile; fileRef = D639ACDF2991738F00E80D62 /* File.swift */; };
		D639ACE2299175E200E80D62 /* NDPostTableViewCell.swift in Sources */ = {isa = PBXBuildFile; fileRef = D639ACE1299175E200E80D62 /* NDPostTableViewCell.swift */; };
		D639ACE429917A0800E80D62 /* NDPostTableViewCellViewModel.swift in Sources */ = {isa = PBXBuildFile; fileRef = D639ACE329917A0800E80D62 /* NDPostTableViewCellViewModel.swift */; };
		D639ACE629940B3F00E80D62 /* NDDetailedUserInfo.swift in Sources */ = {isa = PBXBuildFile; fileRef = D639ACE529940B3F00E80D62 /* NDDetailedUserInfo.swift */; };
		D639ACE829940D4800E80D62 /* NDCommentModel.swift in Sources */ = {isa = PBXBuildFile; fileRef = D639ACE729940D4800E80D62 /* NDCommentModel.swift */; };
		D639ACEA2997C13B00E80D62 /* NDFeedTableHeaderView.swift in Sources */ = {isa = PBXBuildFile; fileRef = D639ACE92997C13B00E80D62 /* NDFeedTableHeaderView.swift */; };
		D639ACEC2997C49200E80D62 /* NDFeedHeaderView.swift in Sources */ = {isa = PBXBuildFile; fileRef = D639ACEB2997C49200E80D62 /* NDFeedHeaderView.swift */; };
		D639ACEE2997C9F100E80D62 /* NDFeedHeadViewCollectionViewCell.swift in Sources */ = {isa = PBXBuildFile; fileRef = D639ACED2997C9F100E80D62 /* NDFeedHeadViewCollectionViewCell.swift */; };
		D639ACF02997CBAA00E80D62 /* NDFeedHeadViewCollectionViewViewModel.swift in Sources */ = {isa = PBXBuildFile; fileRef = D639ACEF2997CBAA00E80D62 /* NDFeedHeadViewCollectionViewViewModel.swift */; };
		D639ACF22997D58200E80D62 /* NDFeedHeadViewCollectionViewCellViewModel.swift in Sources */ = {isa = PBXBuildFile; fileRef = D639ACF12997D58200E80D62 /* NDFeedHeadViewCollectionViewCellViewModel.swift */; };
		D67D1BB7299142CF00385265 /* AppDelegate.swift in Sources */ = {isa = PBXBuildFile; fileRef = D67D1BB6299142CF00385265 /* AppDelegate.swift */; };
		D67D1BB9299142CF00385265 /* SceneDelegate.swift in Sources */ = {isa = PBXBuildFile; fileRef = D67D1BB8299142CF00385265 /* SceneDelegate.swift */; };
		D67D1BBB299142CF00385265 /* NDFeedViewController.swift in Sources */ = {isa = PBXBuildFile; fileRef = D67D1BBA299142CF00385265 /* NDFeedViewController.swift */; };
		D67D1BC0299142D000385265 /* Assets.xcassets in Resources */ = {isa = PBXBuildFile; fileRef = D67D1BBF299142D000385265 /* Assets.xcassets */; };
		D67D1BC3299142D000385265 /* LaunchScreen.storyboard in Resources */ = {isa = PBXBuildFile; fileRef = D67D1BC1299142D000385265 /* LaunchScreen.storyboard */; };
/* End PBXBuildFile section */

/* Begin PBXFileReference section */
		D639ACC22991478600E80D62 /* NDProfileViewController.swift */ = {isa = PBXFileReference; lastKnownFileType = sourcecode.swift; path = NDProfileViewController.swift; sourceTree = "<group>"; };
		D639ACC4299147B200E80D62 /* NDFavoritesViewController.swift */ = {isa = PBXFileReference; lastKnownFileType = sourcecode.swift; path = NDFavoritesViewController.swift; sourceTree = "<group>"; };
		D639ACC6299147EE00E80D62 /* NDTabBarController.swift */ = {isa = PBXFileReference; lastKnownFileType = sourcecode.swift; path = NDTabBarController.swift; sourceTree = "<group>"; };
		D639ACC82991515C00E80D62 /* NDPostModel.swift */ = {isa = PBXFileReference; lastKnownFileType = sourcecode.swift; path = NDPostModel.swift; sourceTree = "<group>"; };
		D639ACCA2991531D00E80D62 /* NDUserModel.swift */ = {isa = PBXFileReference; lastKnownFileType = sourcecode.swift; path = NDUserModel.swift; sourceTree = "<group>"; };
		D639ACD32991536100E80D62 /* NDFeedViewViewModel.swift */ = {isa = PBXFileReference; lastKnownFileType = sourcecode.swift; path = NDFeedViewViewModel.swift; sourceTree = "<group>"; };
		D639ACD52991536F00E80D62 /* NDProfileViewViewModel.swift */ = {isa = PBXFileReference; lastKnownFileType = sourcecode.swift; path = NDProfileViewViewModel.swift; sourceTree = "<group>"; };
		D639ACD72991538400E80D62 /* NDFavoritesViewViewModel.swift */ = {isa = PBXFileReference; lastKnownFileType = sourcecode.swift; path = NDFavoritesViewViewModel.swift; sourceTree = "<group>"; };
		D639ACD92991541600E80D62 /* NDFeedView.swift */ = {isa = PBXFileReference; lastKnownFileType = sourcecode.swift; path = NDFeedView.swift; sourceTree = "<group>"; };
		D639ACDB2991543300E80D62 /* NDProfileView.swift */ = {isa = PBXFileReference; lastKnownFileType = sourcecode.swift; path = NDProfileView.swift; sourceTree = "<group>"; };
		D639ACDD2991544200E80D62 /* NDFavoritesView.swift */ = {isa = PBXFileReference; lastKnownFileType = sourcecode.swift; path = NDFavoritesView.swift; sourceTree = "<group>"; };
		D639ACDF2991738F00E80D62 /* File.swift */ = {isa = PBXFileReference; lastKnownFileType = sourcecode.swift; path = File.swift; sourceTree = "<group>"; };
		D639ACE1299175E200E80D62 /* NDPostTableViewCell.swift */ = {isa = PBXFileReference; lastKnownFileType = sourcecode.swift; path = NDPostTableViewCell.swift; sourceTree = "<group>"; };
		D639ACE329917A0800E80D62 /* NDPostTableViewCellViewModel.swift */ = {isa = PBXFileReference; lastKnownFileType = sourcecode.swift; path = NDPostTableViewCellViewModel.swift; sourceTree = "<group>"; };
		D639ACE529940B3F00E80D62 /* NDDetailedUserInfo.swift */ = {isa = PBXFileReference; lastKnownFileType = sourcecode.swift; path = NDDetailedUserInfo.swift; sourceTree = "<group>"; };
		D639ACE729940D4800E80D62 /* NDCommentModel.swift */ = {isa = PBXFileReference; lastKnownFileType = sourcecode.swift; path = NDCommentModel.swift; sourceTree = "<group>"; };
		D639ACE92997C13B00E80D62 /* NDFeedTableHeaderView.swift */ = {isa = PBXFileReference; lastKnownFileType = sourcecode.swift; path = NDFeedTableHeaderView.swift; sourceTree = "<group>"; };
		D639ACEB2997C49200E80D62 /* NDFeedHeaderView.swift */ = {isa = PBXFileReference; lastKnownFileType = sourcecode.swift; path = NDFeedHeaderView.swift; sourceTree = "<group>"; };
		D639ACED2997C9F100E80D62 /* NDFeedHeadViewCollectionViewCell.swift */ = {isa = PBXFileReference; lastKnownFileType = sourcecode.swift; path = NDFeedHeadViewCollectionViewCell.swift; sourceTree = "<group>"; };
		D639ACEF2997CBAA00E80D62 /* NDFeedHeadViewCollectionViewViewModel.swift */ = {isa = PBXFileReference; lastKnownFileType = sourcecode.swift; path = NDFeedHeadViewCollectionViewViewModel.swift; sourceTree = "<group>"; };
		D639ACF12997D58200E80D62 /* NDFeedHeadViewCollectionViewCellViewModel.swift */ = {isa = PBXFileReference; lastKnownFileType = sourcecode.swift; path = NDFeedHeadViewCollectionViewCellViewModel.swift; sourceTree = "<group>"; };
		D67D1BB3299142CF00385265 /* NetologyDiplom.app */ = {isa = PBXFileReference; explicitFileType = wrapper.application; includeInIndex = 0; path = NetologyDiplom.app; sourceTree = BUILT_PRODUCTS_DIR; };
		D67D1BB6299142CF00385265 /* AppDelegate.swift */ = {isa = PBXFileReference; lastKnownFileType = sourcecode.swift; path = AppDelegate.swift; sourceTree = "<group>"; };
		D67D1BB8299142CF00385265 /* SceneDelegate.swift */ = {isa = PBXFileReference; lastKnownFileType = sourcecode.swift; path = SceneDelegate.swift; sourceTree = "<group>"; };
		D67D1BBA299142CF00385265 /* NDFeedViewController.swift */ = {isa = PBXFileReference; lastKnownFileType = sourcecode.swift; path = NDFeedViewController.swift; sourceTree = "<group>"; };
		D67D1BBF299142D000385265 /* Assets.xcassets */ = {isa = PBXFileReference; lastKnownFileType = folder.assetcatalog; path = Assets.xcassets; sourceTree = "<group>"; };
		D67D1BC2299142D000385265 /* Base */ = {isa = PBXFileReference; lastKnownFileType = file.storyboard; name = Base; path = Base.lproj/LaunchScreen.storyboard; sourceTree = "<group>"; };
		D67D1BC4299142D000385265 /* Info.plist */ = {isa = PBXFileReference; lastKnownFileType = text.plist.xml; path = Info.plist; sourceTree = "<group>"; };
/* End PBXFileReference section */

/* Begin PBXFrameworksBuildPhase section */
		D67D1BB0299142CF00385265 /* Frameworks */ = {
			isa = PBXFrameworksBuildPhase;
			buildActionMask = 2147483647;
			files = (
			);
			runOnlyForDeploymentPostprocessing = 0;
		};
/* End PBXFrameworksBuildPhase section */

/* Begin PBXGroup section */
		D639ACBB2991456400E80D62 /* Resources */ = {
			isa = PBXGroup;
			children = (
				D67D1BB8299142CF00385265 /* SceneDelegate.swift */,
				D67D1BB6299142CF00385265 /* AppDelegate.swift */,
				D67D1BBF299142D000385265 /* Assets.xcassets */,
				D67D1BC1299142D000385265 /* LaunchScreen.storyboard */,
				D639ACDF2991738F00E80D62 /* File.swift */,
			);
			path = Resources;
			sourceTree = "<group>";
		};
		D639ACBC2991458A00E80D62 /* Controllers */ = {
			isa = PBXGroup;
			children = (
				D67D1BBA299142CF00385265 /* NDFeedViewController.swift */,
				D639ACC22991478600E80D62 /* NDProfileViewController.swift */,
				D639ACC4299147B200E80D62 /* NDFavoritesViewController.swift */,
				D639ACC6299147EE00E80D62 /* NDTabBarController.swift */,
			);
			path = Controllers;
			sourceTree = "<group>";
		};
		D639ACBD2991459100E80D62 /* Views */ = {
			isa = PBXGroup;
			children = (
				D639ACD92991541600E80D62 /* NDFeedView.swift */,
				D639ACE1299175E200E80D62 /* NDPostTableViewCell.swift */,
				D639ACE92997C13B00E80D62 /* NDFeedTableHeaderView.swift */,
				D639ACEB2997C49200E80D62 /* NDFeedHeaderView.swift */,
				D639ACED2997C9F100E80D62 /* NDFeedHeadViewCollectionViewCell.swift */,
				D639ACDB2991543300E80D62 /* NDProfileView.swift */,
				D639ACDD2991544200E80D62 /* NDFavoritesView.swift */,
			);
			path = Views;
			sourceTree = "<group>";
		};
		D639ACBE299145AF00E80D62 /* ViewModels */ = {
			isa = PBXGroup;
			children = (
				D639ACD32991536100E80D62 /* NDFeedViewViewModel.swift */,
				D639ACE329917A0800E80D62 /* NDPostTableViewCellViewModel.swift */,
				D639ACEF2997CBAA00E80D62 /* NDFeedHeadViewCollectionViewViewModel.swift */,
				D639ACF12997D58200E80D62 /* NDFeedHeadViewCollectionViewCellViewModel.swift */,
				D639ACD72991538400E80D62 /* NDFavoritesViewViewModel.swift */,
				D639ACD52991536F00E80D62 /* NDProfileViewViewModel.swift */,
			);
			path = ViewModels;
			sourceTree = "<group>";
		};
		D639ACBF299145B700E80D62 /* Models */ = {
			isa = PBXGroup;
			children = (
				D639ACC82991515C00E80D62 /* NDPostModel.swift */,
				D639ACCA2991531D00E80D62 /* NDUserModel.swift */,
				D639ACE529940B3F00E80D62 /* NDDetailedUserInfo.swift */,
				D639ACE729940D4800E80D62 /* NDCommentModel.swift */,
			);
			path = Models;
			sourceTree = "<group>";
		};
		D67D1BAA299142CF00385265 = {
			isa = PBXGroup;
			children = (
				D67D1BB5299142CF00385265 /* NetologyDiplom */,
				D67D1BB4299142CF00385265 /* Products */,
			);
			sourceTree = "<group>";
		};
		D67D1BB4299142CF00385265 /* Products */ = {
			isa = PBXGroup;
			children = (
				D67D1BB3299142CF00385265 /* NetologyDiplom.app */,
			);
			name = Products;
			sourceTree = "<group>";
		};
		D67D1BB5299142CF00385265 /* NetologyDiplom */ = {
			isa = PBXGroup;
			children = (
				D639ACBB2991456400E80D62 /* Resources */,
				D639ACBF299145B700E80D62 /* Models */,
				D639ACBE299145AF00E80D62 /* ViewModels */,
				D639ACBD2991459100E80D62 /* Views */,
				D639ACBC2991458A00E80D62 /* Controllers */,
				D67D1BC4299142D000385265 /* Info.plist */,
			);
			path = NetologyDiplom;
			sourceTree = "<group>";
		};
/* End PBXGroup section */

/* Begin PBXNativeTarget section */
		D67D1BB2299142CF00385265 /* NetologyDiplom */ = {
			isa = PBXNativeTarget;
			buildConfigurationList = D67D1BC7299142D000385265 /* Build configuration list for PBXNativeTarget "NetologyDiplom" */;
			buildPhases = (
				D67D1BAF299142CF00385265 /* Sources */,
				D67D1BB0299142CF00385265 /* Frameworks */,
				D67D1BB1299142CF00385265 /* Resources */,
			);
			buildRules = (
			);
			dependencies = (
			);
			name = NetologyDiplom;
			productName = NetologyDiplom;
			productReference = D67D1BB3299142CF00385265 /* NetologyDiplom.app */;
			productType = "com.apple.product-type.application";
		};
/* End PBXNativeTarget section */

/* Begin PBXProject section */
		D67D1BAB299142CF00385265 /* Project object */ = {
			isa = PBXProject;
			attributes = {
				BuildIndependentTargetsInParallel = 1;
				LastSwiftUpdateCheck = 1420;
				LastUpgradeCheck = 1420;
				TargetAttributes = {
					D67D1BB2299142CF00385265 = {
						CreatedOnToolsVersion = 14.2;
					};
				};
			};
			buildConfigurationList = D67D1BAE299142CF00385265 /* Build configuration list for PBXProject "NetologyDiplom" */;
			compatibilityVersion = "Xcode 14.0";
			developmentRegion = en;
			hasScannedForEncodings = 0;
			knownRegions = (
				en,
				Base,
			);
			mainGroup = D67D1BAA299142CF00385265;
			productRefGroup = D67D1BB4299142CF00385265 /* Products */;
			projectDirPath = "";
			projectRoot = "";
			targets = (
				D67D1BB2299142CF00385265 /* NetologyDiplom */,
			);
		};
/* End PBXProject section */

/* Begin PBXResourcesBuildPhase section */
		D67D1BB1299142CF00385265 /* Resources */ = {
			isa = PBXResourcesBuildPhase;
			buildActionMask = 2147483647;
			files = (
				D67D1BC3299142D000385265 /* LaunchScreen.storyboard in Resources */,
				D67D1BC0299142D000385265 /* Assets.xcassets in Resources */,
			);
			runOnlyForDeploymentPostprocessing = 0;
		};
/* End PBXResourcesBuildPhase section */

/* Begin PBXSourcesBuildPhase section */
		D67D1BAF299142CF00385265 /* Sources */ = {
			isa = PBXSourcesBuildPhase;
			buildActionMask = 2147483647;
			files = (
				D639ACDA2991541600E80D62 /* NDFeedView.swift in Sources */,
				D639ACC5299147B200E80D62 /* NDFavoritesViewController.swift in Sources */,
				D67D1BBB299142CF00385265 /* NDFeedViewController.swift in Sources */,
				D639ACC7299147EE00E80D62 /* NDTabBarController.swift in Sources */,
				D639ACE629940B3F00E80D62 /* NDDetailedUserInfo.swift in Sources */,
				D639ACEE2997C9F100E80D62 /* NDFeedHeadViewCollectionViewCell.swift in Sources */,
				D639ACEC2997C49200E80D62 /* NDFeedHeaderView.swift in Sources */,
				D639ACDE2991544200E80D62 /* NDFavoritesView.swift in Sources */,
				D639ACF22997D58200E80D62 /* NDFeedHeadViewCollectionViewCellViewModel.swift in Sources */,
				D639ACD82991538400E80D62 /* NDFavoritesViewViewModel.swift in Sources */,
				D639ACC92991515C00E80D62 /* NDPostModel.swift in Sources */,
				D639ACD42991536100E80D62 /* NDFeedViewViewModel.swift in Sources */,
				D639ACD62991536F00E80D62 /* NDProfileViewViewModel.swift in Sources */,
				D639ACC32991478600E80D62 /* NDProfileViewController.swift in Sources */,
				D639ACE02991738F00E80D62 /* File.swift in Sources */,
				D639ACE829940D4800E80D62 /* NDCommentModel.swift in Sources */,
				D639ACE429917A0800E80D62 /* NDPostTableViewCellViewModel.swift in Sources */,
				D639ACDC2991543300E80D62 /* NDProfileView.swift in Sources */,
				D639ACEA2997C13B00E80D62 /* NDFeedTableHeaderView.swift in Sources */,
				D67D1BB7299142CF00385265 /* AppDelegate.swift in Sources */,
				D639ACCB2991531D00E80D62 /* NDUserModel.swift in Sources */,
				D639ACF02997CBAA00E80D62 /* NDFeedHeadViewCollectionViewViewModel.swift in Sources */,
				D67D1BB9299142CF00385265 /* SceneDelegate.swift in Sources */,
				D639ACE2299175E200E80D62 /* NDPostTableViewCell.swift in Sources */,
			);
			runOnlyForDeploymentPostprocessing = 0;
		};
/* End PBXSourcesBuildPhase section */

/* Begin PBXVariantGroup section */
		D67D1BC1299142D000385265 /* LaunchScreen.storyboard */ = {
			isa = PBXVariantGroup;
			children = (
				D67D1BC2299142D000385265 /* Base */,
			);
			name = LaunchScreen.storyboard;
			sourceTree = "<group>";
		};
/* End PBXVariantGroup section */

/* Begin XCBuildConfiguration section */
		D67D1BC5299142D000385265 /* Debug */ = {
			isa = XCBuildConfiguration;
			buildSettings = {
				ALWAYS_SEARCH_USER_PATHS = NO;
				CLANG_ANALYZER_NONNULL = YES;
				CLANG_ANALYZER_NUMBER_OBJECT_CONVERSION = YES_AGGRESSIVE;
				CLANG_CXX_LANGUAGE_STANDARD = "gnu++20";
				CLANG_ENABLE_MODULES = YES;
				CLANG_ENABLE_OBJC_ARC = YES;
				CLANG_ENABLE_OBJC_WEAK = YES;
				CLANG_WARN_BLOCK_CAPTURE_AUTORELEASING = YES;
				CLANG_WARN_BOOL_CONVERSION = YES;
				CLANG_WARN_COMMA = YES;
				CLANG_WARN_CONSTANT_CONVERSION = YES;
				CLANG_WARN_DEPRECATED_OBJC_IMPLEMENTATIONS = YES;
				CLANG_WARN_DIRECT_OBJC_ISA_USAGE = YES_ERROR;
				CLANG_WARN_DOCUMENTATION_COMMENTS = YES;
				CLANG_WARN_EMPTY_BODY = YES;
				CLANG_WARN_ENUM_CONVERSION = YES;
				CLANG_WARN_INFINITE_RECURSION = YES;
				CLANG_WARN_INT_CONVERSION = YES;
				CLANG_WARN_NON_LITERAL_NULL_CONVERSION = YES;
				CLANG_WARN_OBJC_IMPLICIT_RETAIN_SELF = YES;
				CLANG_WARN_OBJC_LITERAL_CONVERSION = YES;
				CLANG_WARN_OBJC_ROOT_CLASS = YES_ERROR;
				CLANG_WARN_QUOTED_INCLUDE_IN_FRAMEWORK_HEADER = YES;
				CLANG_WARN_RANGE_LOOP_ANALYSIS = YES;
				CLANG_WARN_STRICT_PROTOTYPES = YES;
				CLANG_WARN_SUSPICIOUS_MOVE = YES;
				CLANG_WARN_UNGUARDED_AVAILABILITY = YES_AGGRESSIVE;
				CLANG_WARN_UNREACHABLE_CODE = YES;
				CLANG_WARN__DUPLICATE_METHOD_MATCH = YES;
				COPY_PHASE_STRIP = NO;
				DEBUG_INFORMATION_FORMAT = dwarf;
				ENABLE_STRICT_OBJC_MSGSEND = YES;
				ENABLE_TESTABILITY = YES;
				GCC_C_LANGUAGE_STANDARD = gnu11;
				GCC_DYNAMIC_NO_PIC = NO;
				GCC_NO_COMMON_BLOCKS = YES;
				GCC_OPTIMIZATION_LEVEL = 0;
				GCC_PREPROCESSOR_DEFINITIONS = (
					"DEBUG=1",
					"$(inherited)",
				);
				GCC_WARN_64_TO_32_BIT_CONVERSION = YES;
				GCC_WARN_ABOUT_RETURN_TYPE = YES_ERROR;
				GCC_WARN_UNDECLARED_SELECTOR = YES;
				GCC_WARN_UNINITIALIZED_AUTOS = YES_AGGRESSIVE;
				GCC_WARN_UNUSED_FUNCTION = YES;
				GCC_WARN_UNUSED_VARIABLE = YES;
				IPHONEOS_DEPLOYMENT_TARGET = 16.2;
				MTL_ENABLE_DEBUG_INFO = INCLUDE_SOURCE;
				MTL_FAST_MATH = YES;
				ONLY_ACTIVE_ARCH = YES;
				SDKROOT = iphoneos;
				SWIFT_ACTIVE_COMPILATION_CONDITIONS = DEBUG;
				SWIFT_OPTIMIZATION_LEVEL = "-Onone";
			};
			name = Debug;
		};
		D67D1BC6299142D000385265 /* Release */ = {
			isa = XCBuildConfiguration;
			buildSettings = {
				ALWAYS_SEARCH_USER_PATHS = NO;
				CLANG_ANALYZER_NONNULL = YES;
				CLANG_ANALYZER_NUMBER_OBJECT_CONVERSION = YES_AGGRESSIVE;
				CLANG_CXX_LANGUAGE_STANDARD = "gnu++20";
				CLANG_ENABLE_MODULES = YES;
				CLANG_ENABLE_OBJC_ARC = YES;
				CLANG_ENABLE_OBJC_WEAK = YES;
				CLANG_WARN_BLOCK_CAPTURE_AUTORELEASING = YES;
				CLANG_WARN_BOOL_CONVERSION = YES;
				CLANG_WARN_COMMA = YES;
				CLANG_WARN_CONSTANT_CONVERSION = YES;
				CLANG_WARN_DEPRECATED_OBJC_IMPLEMENTATIONS = YES;
				CLANG_WARN_DIRECT_OBJC_ISA_USAGE = YES_ERROR;
				CLANG_WARN_DOCUMENTATION_COMMENTS = YES;
				CLANG_WARN_EMPTY_BODY = YES;
				CLANG_WARN_ENUM_CONVERSION = YES;
				CLANG_WARN_INFINITE_RECURSION = YES;
				CLANG_WARN_INT_CONVERSION = YES;
				CLANG_WARN_NON_LITERAL_NULL_CONVERSION = YES;
				CLANG_WARN_OBJC_IMPLICIT_RETAIN_SELF = YES;
				CLANG_WARN_OBJC_LITERAL_CONVERSION = YES;
				CLANG_WARN_OBJC_ROOT_CLASS = YES_ERROR;
				CLANG_WARN_QUOTED_INCLUDE_IN_FRAMEWORK_HEADER = YES;
				CLANG_WARN_RANGE_LOOP_ANALYSIS = YES;
				CLANG_WARN_STRICT_PROTOTYPES = YES;
				CLANG_WARN_SUSPICIOUS_MOVE = YES;
				CLANG_WARN_UNGUARDED_AVAILABILITY = YES_AGGRESSIVE;
				CLANG_WARN_UNREACHABLE_CODE = YES;
				CLANG_WARN__DUPLICATE_METHOD_MATCH = YES;
				COPY_PHASE_STRIP = NO;
				DEBUG_INFORMATION_FORMAT = "dwarf-with-dsym";
				ENABLE_NS_ASSERTIONS = NO;
				ENABLE_STRICT_OBJC_MSGSEND = YES;
				GCC_C_LANGUAGE_STANDARD = gnu11;
				GCC_NO_COMMON_BLOCKS = YES;
				GCC_WARN_64_TO_32_BIT_CONVERSION = YES;
				GCC_WARN_ABOUT_RETURN_TYPE = YES_ERROR;
				GCC_WARN_UNDECLARED_SELECTOR = YES;
				GCC_WARN_UNINITIALIZED_AUTOS = YES_AGGRESSIVE;
				GCC_WARN_UNUSED_FUNCTION = YES;
				GCC_WARN_UNUSED_VARIABLE = YES;
				IPHONEOS_DEPLOYMENT_TARGET = 16.2;
				MTL_ENABLE_DEBUG_INFO = NO;
				MTL_FAST_MATH = YES;
				SDKROOT = iphoneos;
				SWIFT_COMPILATION_MODE = wholemodule;
				SWIFT_OPTIMIZATION_LEVEL = "-O";
				VALIDATE_PRODUCT = YES;
			};
			name = Release;
		};
		D67D1BC8299142D000385265 /* Debug */ = {
			isa = XCBuildConfiguration;
			buildSettings = {
				ASSETCATALOG_COMPILER_APPICON_NAME = AppIcon;
				ASSETCATALOG_COMPILER_GLOBAL_ACCENT_COLOR_NAME = AccentColor;
				CODE_SIGN_STYLE = Automatic;
				CURRENT_PROJECT_VERSION = 1;
				GENERATE_INFOPLIST_FILE = YES;
				INFOPLIST_FILE = NetologyDiplom/Info.plist;
				INFOPLIST_KEY_UIApplicationSupportsIndirectInputEvents = YES;
				INFOPLIST_KEY_UILaunchStoryboardName = LaunchScreen;
				INFOPLIST_KEY_UISupportedInterfaceOrientations_iPad = "UIInterfaceOrientationPortrait UIInterfaceOrientationPortraitUpsideDown UIInterfaceOrientationLandscapeLeft UIInterfaceOrientationLandscapeRight";
				INFOPLIST_KEY_UISupportedInterfaceOrientations_iPhone = "UIInterfaceOrientationPortrait UIInterfaceOrientationLandscapeLeft UIInterfaceOrientationLandscapeRight";
				IPHONEOS_DEPLOYMENT_TARGET = 15.0;
				LD_RUNPATH_SEARCH_PATHS = (
					"$(inherited)",
					"@executable_path/Frameworks",
				);
				MARKETING_VERSION = 1.0;
				PRODUCT_BUNDLE_IDENTIFIER = com.rbespalov.NetologyDiplom;
				PRODUCT_NAME = "$(TARGET_NAME)";
				SUPPORTED_PLATFORMS = "iphoneos iphonesimulator";
				SUPPORTS_MACCATALYST = NO;
				SUPPORTS_MAC_DESIGNED_FOR_IPHONE_IPAD = NO;
				SWIFT_EMIT_LOC_STRINGS = YES;
				SWIFT_VERSION = 5.0;
				TARGETED_DEVICE_FAMILY = "1,2";
			};
			name = Debug;
		};
		D67D1BC9299142D000385265 /* Release */ = {
			isa = XCBuildConfiguration;
			buildSettings = {
				ASSETCATALOG_COMPILER_APPICON_NAME = AppIcon;
				ASSETCATALOG_COMPILER_GLOBAL_ACCENT_COLOR_NAME = AccentColor;
				CODE_SIGN_STYLE = Automatic;
				CURRENT_PROJECT_VERSION = 1;
				GENERATE_INFOPLIST_FILE = YES;
				INFOPLIST_FILE = NetologyDiplom/Info.plist;
				INFOPLIST_KEY_UIApplicationSupportsIndirectInputEvents = YES;
				INFOPLIST_KEY_UILaunchStoryboardName = LaunchScreen;
				INFOPLIST_KEY_UISupportedInterfaceOrientations_iPad = "UIInterfaceOrientationPortrait UIInterfaceOrientationPortraitUpsideDown UIInterfaceOrientationLandscapeLeft UIInterfaceOrientationLandscapeRight";
				INFOPLIST_KEY_UISupportedInterfaceOrientations_iPhone = "UIInterfaceOrientationPortrait UIInterfaceOrientationLandscapeLeft UIInterfaceOrientationLandscapeRight";
				IPHONEOS_DEPLOYMENT_TARGET = 15.0;
				LD_RUNPATH_SEARCH_PATHS = (
					"$(inherited)",
					"@executable_path/Frameworks",
				);
				MARKETING_VERSION = 1.0;
				PRODUCT_BUNDLE_IDENTIFIER = com.rbespalov.NetologyDiplom;
				PRODUCT_NAME = "$(TARGET_NAME)";
				SUPPORTED_PLATFORMS = "iphoneos iphonesimulator";
				SUPPORTS_MACCATALYST = NO;
				SUPPORTS_MAC_DESIGNED_FOR_IPHONE_IPAD = NO;
				SWIFT_EMIT_LOC_STRINGS = YES;
				SWIFT_VERSION = 5.0;
				TARGETED_DEVICE_FAMILY = "1,2";
			};
			name = Release;
		};
/* End XCBuildConfiguration section */

/* Begin XCConfigurationList section */
		D67D1BAE299142CF00385265 /* Build configuration list for PBXProject "NetologyDiplom" */ = {
			isa = XCConfigurationList;
			buildConfigurations = (
				D67D1BC5299142D000385265 /* Debug */,
				D67D1BC6299142D000385265 /* Release */,
			);
			defaultConfigurationIsVisible = 0;
			defaultConfigurationName = Release;
		};
		D67D1BC7299142D000385265 /* Build configuration list for PBXNativeTarget "NetologyDiplom" */ = {
			isa = XCConfigurationList;
			buildConfigurations = (
				D67D1BC8299142D000385265 /* Debug */,
				D67D1BC9299142D000385265 /* Release */,
			);
			defaultConfigurationIsVisible = 0;
			defaultConfigurationName = Release;
		};
/* End XCConfigurationList section */
	};
	rootObject = D67D1BAB299142CF00385265 /* Project object */;
}
