// !$*UTF8*$!
{
	archiveVersion = 1;
	classes = {
	};
	objectVersion = 56;
	objects = {

/* Begin PBXBuildFile section */
		D605909D2999671C00C53D7C /* NDSingInViewController.swift in Sources */ = {isa = PBXBuildFile; fileRef = D605909A2999671C00C53D7C /* NDSingInViewController.swift */; };
		D605909E2999671C00C53D7C /* NDRegisterUserViewController.swift in Sources */ = {isa = PBXBuildFile; fileRef = D605909B2999671C00C53D7C /* NDRegisterUserViewController.swift */; };
		D605909F2999671C00C53D7C /* NDAuthorisationViewController.swift in Sources */ = {isa = PBXBuildFile; fileRef = D605909C2999671C00C53D7C /* NDAuthorisationViewController.swift */; };
		D60590A32999672F00C53D7C /* NDRegisterUserView.swift in Sources */ = {isa = PBXBuildFile; fileRef = D60590A12999672F00C53D7C /* NDRegisterUserView.swift */; };
		D60590A42999672F00C53D7C /* NDAuthorisationView.swift in Sources */ = {isa = PBXBuildFile; fileRef = D60590A22999672F00C53D7C /* NDAuthorisationView.swift */; };
		D639ACC32991478600E80D62 /* NDProfileViewController.swift in Sources */ = {isa = PBXBuildFile; fileRef = D639ACC22991478600E80D62 /* NDProfileViewController.swift */; };
		D639ACC5299147B200E80D62 /* NDFavoritesViewController.swift in Sources */ = {isa = PBXBuildFile; fileRef = D639ACC4299147B200E80D62 /* NDFavoritesViewController.swift */; };
		D639ACC7299147EE00E80D62 /* NDTabBarController.swift in Sources */ = {isa = PBXBuildFile; fileRef = D639ACC6299147EE00E80D62 /* NDTabBarController.swift */; };
		D639ACC92991515C00E80D62 /* NDPostModel.swift in Sources */ = {isa = PBXBuildFile; fileRef = D639ACC82991515C00E80D62 /* NDPostModel.swift */; };
		D639ACCB2991531D00E80D62 /* NDUserModel.swift in Sources */ = {isa = PBXBuildFile; fileRef = D639ACCA2991531D00E80D62 /* NDUserModel.swift */; };
		D639ACD42991536100E80D62 /* NDFeedViewViewModel.swift in Sources */ = {isa = PBXBuildFile; fileRef = D639ACD32991536100E80D62 /* NDFeedViewViewModel.swift */; };
		D639ACD62991536F00E80D62 /* NDProfileViewViewModel.swift in Sources */ = {isa = PBXBuildFile; fileRef = D639ACD52991536F00E80D62 /* NDProfileViewViewModel.swift */; };
		D639ACD82991538400E80D62 /* NDFavoritesViewViewModel.swift in Sources */ = {isa = PBXBuildFile; fileRef = D639ACD72991538400E80D62 /* NDFavoritesViewViewModel.swift */; };
		D639ACDA2991541600E80D62 /* NDFeedView.swift in Sources */ = {isa = PBXBuildFile; fileRef = D639ACD92991541600E80D62 /* NDFeedView.swift */; };
		D639ACDC2991543300E80D62 /* NDProfileView.swift in Sources */ = {isa = PBXBuildFile; fileRef = D639ACDB2991543300E80D62 /* NDProfileView.swift */; };
		D639ACDE2991544200E80D62 /* NDFavoritesView.swift in Sources */ = {isa = PBXBuildFile; fileRef = D639ACDD2991544200E80D62 /* NDFavoritesView.swift */; };
		D639ACE02991738F00E80D62 /* Extentions.swift in Sources */ = {isa = PBXBuildFile; fileRef = D639ACDF2991738F00E80D62 /* Extentions.swift */; };
		D639ACE2299175E200E80D62 /* NDPostTableViewCell.swift in Sources */ = {isa = PBXBuildFile; fileRef = D639ACE1299175E200E80D62 /* NDPostTableViewCell.swift */; };
		D639ACE429917A0800E80D62 /* NDPostTableViewCellViewModel.swift in Sources */ = {isa = PBXBuildFile; fileRef = D639ACE329917A0800E80D62 /* NDPostTableViewCellViewModel.swift */; };
		D639ACE629940B3F00E80D62 /* NDDetailedUserInfo.swift in Sources */ = {isa = PBXBuildFile; fileRef = D639ACE529940B3F00E80D62 /* NDDetailedUserInfo.swift */; };
		D639ACE829940D4800E80D62 /* NDCommentModel.swift in Sources */ = {isa = PBXBuildFile; fileRef = D639ACE729940D4800E80D62 /* NDCommentModel.swift */; };
		D639ACEA2997C13B00E80D62 /* NDFeedTableHeaderView.swift in Sources */ = {isa = PBXBuildFile; fileRef = D639ACE92997C13B00E80D62 /* NDFeedTableHeaderView.swift */; };
		D639ACEC2997C49200E80D62 /* NDFeedHeaderView.swift in Sources */ = {isa = PBXBuildFile; fileRef = D639ACEB2997C49200E80D62 /* NDFeedHeaderView.swift */; };
		D639ACEE2997C9F100E80D62 /* NDFeedHeaderViewCollectionViewCell.swift in Sources */ = {isa = PBXBuildFile; fileRef = D639ACED2997C9F100E80D62 /* NDFeedHeaderViewCollectionViewCell.swift */; };
		D639ACF02997CBAA00E80D62 /* NDFeedHeadViewCollectionViewViewModel.swift in Sources */ = {isa = PBXBuildFile; fileRef = D639ACEF2997CBAA00E80D62 /* NDFeedHeadViewCollectionViewViewModel.swift */; };
		D639ACF22997D58200E80D62 /* NDFeedHeadViewCollectionViewCellViewModel.swift in Sources */ = {isa = PBXBuildFile; fileRef = D639ACF12997D58200E80D62 /* NDFeedHeadViewCollectionViewCellViewModel.swift */; };
		D639ACF62997F5F700E80D62 /* NDProfileTableHeaderView.swift in Sources */ = {isa = PBXBuildFile; fileRef = D639ACF52997F5F700E80D62 /* NDProfileTableHeaderView.swift */; };
		D639ACF82997F64B00E80D62 /* NDProfileHeaderView.swift in Sources */ = {isa = PBXBuildFile; fileRef = D639ACF72997F64B00E80D62 /* NDProfileHeaderView.swift */; };
		D639ACFA2997F83600E80D62 /* NDProfileHeaderViewViewModel.swift in Sources */ = {isa = PBXBuildFile; fileRef = D639ACF92997F83600E80D62 /* NDProfileHeaderViewViewModel.swift */; };
		D6746DEC29990062005E5584 /* NDProfileHeaderViewCollectionViewCell.swift in Sources */ = {isa = PBXBuildFile; fileRef = D6746DEB29990062005E5584 /* NDProfileHeaderViewCollectionViewCell.swift */; };
		D6746DEE2999045F005E5584 /* NDProfileHeaderViewCollectionViewCellViewModel.swift in Sources */ = {isa = PBXBuildFile; fileRef = D6746DED2999045F005E5584 /* NDProfileHeaderViewCollectionViewCellViewModel.swift */; };
		D67D1BB7299142CF00385265 /* AppDelegate.swift in Sources */ = {isa = PBXBuildFile; fileRef = D67D1BB6299142CF00385265 /* AppDelegate.swift */; };
		D67D1BB9299142CF00385265 /* SceneDelegate.swift in Sources */ = {isa = PBXBuildFile; fileRef = D67D1BB8299142CF00385265 /* SceneDelegate.swift */; };
		D67D1BBB299142CF00385265 /* NDFeedViewController.swift in Sources */ = {isa = PBXBuildFile; fileRef = D67D1BBA299142CF00385265 /* NDFeedViewController.swift */; };
		D67D1BC0299142D000385265 /* Assets.xcassets in Resources */ = {isa = PBXBuildFile; fileRef = D67D1BBF299142D000385265 /* Assets.xcassets */; };
		D67D1BC3299142D000385265 /* LaunchScreen.storyboard in Resources */ = {isa = PBXBuildFile; fileRef = D67D1BC1299142D000385265 /* LaunchScreen.storyboard */; };
		D69779C1299ABABE00583AE3 /* GoogleService-Info.plist in Resources */ = {isa = PBXBuildFile; fileRef = D69779C0299ABABE00583AE3 /* GoogleService-Info.plist */; };
		D69779C4299ABB1700583AE3 /* FirebaseAuth in Frameworks */ = {isa = PBXBuildFile; productRef = D69779C3299ABB1700583AE3 /* FirebaseAuth */; };
		D69779C6299ABB1700583AE3 /* FirebaseFirestore in Frameworks */ = {isa = PBXBuildFile; productRef = D69779C5299ABB1700583AE3 /* FirebaseFirestore */; };
		D69779C8299ABB1700583AE3 /* FirebaseFirestoreSwift in Frameworks */ = {isa = PBXBuildFile; productRef = D69779C7299ABB1700583AE3 /* FirebaseFirestoreSwift */; };
		D69779CA299ABB1700583AE3 /* FirebaseStorage in Frameworks */ = {isa = PBXBuildFile; productRef = D69779C9299ABB1700583AE3 /* FirebaseStorage */; };
		D69779CD299D700700583AE3 /* NDAuthenticationManager.swift in Sources */ = {isa = PBXBuildFile; fileRef = D69779CC299D700700583AE3 /* NDAuthenticationManager.swift */; };
		D69779D1299EA94000583AE3 /* NDRegisterUserViewViewModel.swift in Sources */ = {isa = PBXBuildFile; fileRef = D69779D0299EA94000583AE3 /* NDRegisterUserViewViewModel.swift */; };
		D69779D329A118C400583AE3 /* NDUserManager.swift in Sources */ = {isa = PBXBuildFile; fileRef = D69779D229A118C400583AE3 /* NDUserManager.swift */; };
		D69779D529A12C5B00583AE3 /* NDSingInView.swift in Sources */ = {isa = PBXBuildFile; fileRef = D69779D429A12C5B00583AE3 /* NDSingInView.swift */; };
		D69779D729A12DFF00583AE3 /* NDSingInViewViewModel.swift in Sources */ = {isa = PBXBuildFile; fileRef = D69779D629A12DFF00583AE3 /* NDSingInViewViewModel.swift */; };
		D6FFA03E29A14D6D00A9F569 /* NDFirestroreManager.swift in Sources */ = {isa = PBXBuildFile; fileRef = D6FFA03D29A14D6D00A9F569 /* NDFirestroreManager.swift */; };
		D6FFA04129A2645500A9F569 /* NDDetailedUserInfoViewController.swift in Sources */ = {isa = PBXBuildFile; fileRef = D6FFA04029A2645500A9F569 /* NDDetailedUserInfoViewController.swift */; };
		D6FFA04329A264C700A9F569 /* NDDetailedInfoView.swift in Sources */ = {isa = PBXBuildFile; fileRef = D6FFA04229A264C700A9F569 /* NDDetailedInfoView.swift */; };
		D6FFA04529A2837900A9F569 /* NDDetailedInfoViewViewModel.swift in Sources */ = {isa = PBXBuildFile; fileRef = D6FFA04429A2837900A9F569 /* NDDetailedInfoViewViewModel.swift */; };
/* End PBXBuildFile section */

/* Begin PBXFileReference section */
		D605909A2999671C00C53D7C /* NDSingInViewController.swift */ = {isa = PBXFileReference; fileEncoding = 4; lastKnownFileType = sourcecode.swift; path = NDSingInViewController.swift; sourceTree = "<group>"; };
		D605909B2999671C00C53D7C /* NDRegisterUserViewController.swift */ = {isa = PBXFileReference; fileEncoding = 4; lastKnownFileType = sourcecode.swift; path = NDRegisterUserViewController.swift; sourceTree = "<group>"; };
		D605909C2999671C00C53D7C /* NDAuthorisationViewController.swift */ = {isa = PBXFileReference; fileEncoding = 4; lastKnownFileType = sourcecode.swift; path = NDAuthorisationViewController.swift; sourceTree = "<group>"; };
		D60590A12999672F00C53D7C /* NDRegisterUserView.swift */ = {isa = PBXFileReference; fileEncoding = 4; lastKnownFileType = sourcecode.swift; path = NDRegisterUserView.swift; sourceTree = "<group>"; };
		D60590A22999672F00C53D7C /* NDAuthorisationView.swift */ = {isa = PBXFileReference; fileEncoding = 4; lastKnownFileType = sourcecode.swift; path = NDAuthorisationView.swift; sourceTree = "<group>"; };
		D639ACC22991478600E80D62 /* NDProfileViewController.swift */ = {isa = PBXFileReference; lastKnownFileType = sourcecode.swift; path = NDProfileViewController.swift; sourceTree = "<group>"; };
		D639ACC4299147B200E80D62 /* NDFavoritesViewController.swift */ = {isa = PBXFileReference; lastKnownFileType = sourcecode.swift; path = NDFavoritesViewController.swift; sourceTree = "<group>"; };
		D639ACC6299147EE00E80D62 /* NDTabBarController.swift */ = {isa = PBXFileReference; lastKnownFileType = sourcecode.swift; path = NDTabBarController.swift; sourceTree = "<group>"; };
		D639ACC82991515C00E80D62 /* NDPostModel.swift */ = {isa = PBXFileReference; lastKnownFileType = sourcecode.swift; path = NDPostModel.swift; sourceTree = "<group>"; };
		D639ACCA2991531D00E80D62 /* NDUserModel.swift */ = {isa = PBXFileReference; lastKnownFileType = sourcecode.swift; path = NDUserModel.swift; sourceTree = "<group>"; };
		D639ACD32991536100E80D62 /* NDFeedViewViewModel.swift */ = {isa = PBXFileReference; lastKnownFileType = sourcecode.swift; path = NDFeedViewViewModel.swift; sourceTree = "<group>"; };
		D639ACD52991536F00E80D62 /* NDProfileViewViewModel.swift */ = {isa = PBXFileReference; lastKnownFileType = sourcecode.swift; path = NDProfileViewViewModel.swift; sourceTree = "<group>"; };
		D639ACD72991538400E80D62 /* NDFavoritesViewViewModel.swift */ = {isa = PBXFileReference; lastKnownFileType = sourcecode.swift; path = NDFavoritesViewViewModel.swift; sourceTree = "<group>"; };
		D639ACD92991541600E80D62 /* NDFeedView.swift */ = {isa = PBXFileReference; lastKnownFileType = sourcecode.swift; path = NDFeedView.swift; sourceTree = "<group>"; };
		D639ACDB2991543300E80D62 /* NDProfileView.swift */ = {isa = PBXFileReference; lastKnownFileType = sourcecode.swift; path = NDProfileView.swift; sourceTree = "<group>"; };
		D639ACDD2991544200E80D62 /* NDFavoritesView.swift */ = {isa = PBXFileReference; lastKnownFileType = sourcecode.swift; path = NDFavoritesView.swift; sourceTree = "<group>"; };
		D639ACDF2991738F00E80D62 /* Extentions.swift */ = {isa = PBXFileReference; lastKnownFileType = sourcecode.swift; path = Extentions.swift; sourceTree = "<group>"; };
		D639ACE1299175E200E80D62 /* NDPostTableViewCell.swift */ = {isa = PBXFileReference; lastKnownFileType = sourcecode.swift; path = NDPostTableViewCell.swift; sourceTree = "<group>"; };
		D639ACE329917A0800E80D62 /* NDPostTableViewCellViewModel.swift */ = {isa = PBXFileReference; lastKnownFileType = sourcecode.swift; path = NDPostTableViewCellViewModel.swift; sourceTree = "<group>"; };
		D639ACE529940B3F00E80D62 /* NDDetailedUserInfo.swift */ = {isa = PBXFileReference; lastKnownFileType = sourcecode.swift; path = NDDetailedUserInfo.swift; sourceTree = "<group>"; };
		D639ACE729940D4800E80D62 /* NDCommentModel.swift */ = {isa = PBXFileReference; lastKnownFileType = sourcecode.swift; path = NDCommentModel.swift; sourceTree = "<group>"; };
		D639ACE92997C13B00E80D62 /* NDFeedTableHeaderView.swift */ = {isa = PBXFileReference; lastKnownFileType = sourcecode.swift; path = NDFeedTableHeaderView.swift; sourceTree = "<group>"; };
		D639ACEB2997C49200E80D62 /* NDFeedHeaderView.swift */ = {isa = PBXFileReference; lastKnownFileType = sourcecode.swift; path = NDFeedHeaderView.swift; sourceTree = "<group>"; };
		D639ACED2997C9F100E80D62 /* NDFeedHeaderViewCollectionViewCell.swift */ = {isa = PBXFileReference; lastKnownFileType = sourcecode.swift; path = NDFeedHeaderViewCollectionViewCell.swift; sourceTree = "<group>"; };
		D639ACEF2997CBAA00E80D62 /* NDFeedHeadViewCollectionViewViewModel.swift */ = {isa = PBXFileReference; lastKnownFileType = sourcecode.swift; path = NDFeedHeadViewCollectionViewViewModel.swift; sourceTree = "<group>"; };
		D639ACF12997D58200E80D62 /* NDFeedHeadViewCollectionViewCellViewModel.swift */ = {isa = PBXFileReference; lastKnownFileType = sourcecode.swift; path = NDFeedHeadViewCollectionViewCellViewModel.swift; sourceTree = "<group>"; };
		D639ACF52997F5F700E80D62 /* NDProfileTableHeaderView.swift */ = {isa = PBXFileReference; lastKnownFileType = sourcecode.swift; path = NDProfileTableHeaderView.swift; sourceTree = "<group>"; };
		D639ACF72997F64B00E80D62 /* NDProfileHeaderView.swift */ = {isa = PBXFileReference; lastKnownFileType = sourcecode.swift; path = NDProfileHeaderView.swift; sourceTree = "<group>"; };
		D639ACF92997F83600E80D62 /* NDProfileHeaderViewViewModel.swift */ = {isa = PBXFileReference; lastKnownFileType = sourcecode.swift; path = NDProfileHeaderViewViewModel.swift; sourceTree = "<group>"; };
		D6746DEB29990062005E5584 /* NDProfileHeaderViewCollectionViewCell.swift */ = {isa = PBXFileReference; lastKnownFileType = sourcecode.swift; path = NDProfileHeaderViewCollectionViewCell.swift; sourceTree = "<group>"; };
		D6746DED2999045F005E5584 /* NDProfileHeaderViewCollectionViewCellViewModel.swift */ = {isa = PBXFileReference; lastKnownFileType = sourcecode.swift; path = NDProfileHeaderViewCollectionViewCellViewModel.swift; sourceTree = "<group>"; };
		D67D1BB3299142CF00385265 /* NetologyDiplom.app */ = {isa = PBXFileReference; explicitFileType = wrapper.application; includeInIndex = 0; path = NetologyDiplom.app; sourceTree = BUILT_PRODUCTS_DIR; };
		D67D1BB6299142CF00385265 /* AppDelegate.swift */ = {isa = PBXFileReference; lastKnownFileType = sourcecode.swift; path = AppDelegate.swift; sourceTree = "<group>"; };
		D67D1BB8299142CF00385265 /* SceneDelegate.swift */ = {isa = PBXFileReference; lastKnownFileType = sourcecode.swift; path = SceneDelegate.swift; sourceTree = "<group>"; };
		D67D1BBA299142CF00385265 /* NDFeedViewController.swift */ = {isa = PBXFileReference; lastKnownFileType = sourcecode.swift; path = NDFeedViewController.swift; sourceTree = "<group>"; };
		D67D1BBF299142D000385265 /* Assets.xcassets */ = {isa = PBXFileReference; lastKnownFileType = folder.assetcatalog; path = Assets.xcassets; sourceTree = "<group>"; };
		D67D1BC2299142D000385265 /* Base */ = {isa = PBXFileReference; lastKnownFileType = file.storyboard; name = Base; path = Base.lproj/LaunchScreen.storyboard; sourceTree = "<group>"; };
		D67D1BC4299142D000385265 /* Info.plist */ = {isa = PBXFileReference; lastKnownFileType = text.plist.xml; path = Info.plist; sourceTree = "<group>"; };
		D69779C0299ABABE00583AE3 /* GoogleService-Info.plist */ = {isa = PBXFileReference; fileEncoding = 4; lastKnownFileType = text.plist.xml; path = "GoogleService-Info.plist"; sourceTree = "<group>"; };
		D69779CC299D700700583AE3 /* NDAuthenticationManager.swift */ = {isa = PBXFileReference; lastKnownFileType = sourcecode.swift; path = NDAuthenticationManager.swift; sourceTree = "<group>"; };
		D69779D0299EA94000583AE3 /* NDRegisterUserViewViewModel.swift */ = {isa = PBXFileReference; lastKnownFileType = sourcecode.swift; path = NDRegisterUserViewViewModel.swift; sourceTree = "<group>"; };
		D69779D229A118C400583AE3 /* NDUserManager.swift */ = {isa = PBXFileReference; lastKnownFileType = sourcecode.swift; path = NDUserManager.swift; sourceTree = "<group>"; };
		D69779D429A12C5B00583AE3 /* NDSingInView.swift */ = {isa = PBXFileReference; lastKnownFileType = sourcecode.swift; path = NDSingInView.swift; sourceTree = "<group>"; };
		D69779D629A12DFF00583AE3 /* NDSingInViewViewModel.swift */ = {isa = PBXFileReference; lastKnownFileType = sourcecode.swift; path = NDSingInViewViewModel.swift; sourceTree = "<group>"; };
		D6FFA03D29A14D6D00A9F569 /* NDFirestroreManager.swift */ = {isa = PBXFileReference; lastKnownFileType = sourcecode.swift; path = NDFirestroreManager.swift; sourceTree = "<group>"; };
		D6FFA04029A2645500A9F569 /* NDDetailedUserInfoViewController.swift */ = {isa = PBXFileReference; lastKnownFileType = sourcecode.swift; path = NDDetailedUserInfoViewController.swift; sourceTree = "<group>"; };
		D6FFA04229A264C700A9F569 /* NDDetailedInfoView.swift */ = {isa = PBXFileReference; lastKnownFileType = sourcecode.swift; path = NDDetailedInfoView.swift; sourceTree = "<group>"; };
		D6FFA04429A2837900A9F569 /* NDDetailedInfoViewViewModel.swift */ = {isa = PBXFileReference; lastKnownFileType = sourcecode.swift; path = NDDetailedInfoViewViewModel.swift; sourceTree = "<group>"; };
/* End PBXFileReference section */

/* Begin PBXFrameworksBuildPhase section */
		D67D1BB0299142CF00385265 /* Frameworks */ = {
			isa = PBXFrameworksBuildPhase;
			buildActionMask = 2147483647;
			files = (
				D69779C4299ABB1700583AE3 /* FirebaseAuth in Frameworks */,
				D69779CA299ABB1700583AE3 /* FirebaseStorage in Frameworks */,
				D69779C6299ABB1700583AE3 /* FirebaseFirestore in Frameworks */,
				D69779C8299ABB1700583AE3 /* FirebaseFirestoreSwift in Frameworks */,
			);
			runOnlyForDeploymentPostprocessing = 0;
		};
/* End PBXFrameworksBuildPhase section */

/* Begin PBXGroup section */
		D60590992999671C00C53D7C /* Authorisation */ = {
			isa = PBXGroup;
			children = (
				D605909C2999671C00C53D7C /* NDAuthorisationViewController.swift */,
				D605909B2999671C00C53D7C /* NDRegisterUserViewController.swift */,
				D605909A2999671C00C53D7C /* NDSingInViewController.swift */,
			);
			path = Authorisation;
			sourceTree = "<group>";
		};
		D60590A02999672F00C53D7C /* AuthorisationViews */ = {
			isa = PBXGroup;
			children = (
				D60590A22999672F00C53D7C /* NDAuthorisationView.swift */,
				D60590A12999672F00C53D7C /* NDRegisterUserView.swift */,
				D69779D429A12C5B00583AE3 /* NDSingInView.swift */,
			);
			path = AuthorisationViews;
			sourceTree = "<group>";
		};
		D639ACBB2991456400E80D62 /* Resources */ = {
			isa = PBXGroup;
			children = (
				D67D1BB8299142CF00385265 /* SceneDelegate.swift */,
				D67D1BB6299142CF00385265 /* AppDelegate.swift */,
				D67D1BBF299142D000385265 /* Assets.xcassets */,
				D67D1BC1299142D000385265 /* LaunchScreen.storyboard */,
				D639ACDF2991738F00E80D62 /* Extentions.swift */,
			);
			path = Resources;
			sourceTree = "<group>";
		};
		D639ACBC2991458A00E80D62 /* Controllers */ = {
			isa = PBXGroup;
			children = (
				D60590992999671C00C53D7C /* Authorisation */,
				D6FFA03F29A2640900A9F569 /* Profile */,
				D67D1BBA299142CF00385265 /* NDFeedViewController.swift */,
				D639ACC4299147B200E80D62 /* NDFavoritesViewController.swift */,
				D639ACC6299147EE00E80D62 /* NDTabBarController.swift */,
			);
			path = Controllers;
			sourceTree = "<group>";
		};
		D639ACBD2991459100E80D62 /* Views */ = {
			isa = PBXGroup;
			children = (
				D60590A02999672F00C53D7C /* AuthorisationViews */,
				D639ACF42997F1A500E80D62 /* FeedViews */,
				D639ACFB2998FF3200E80D62 /* ProfileViews */,
				D639ACE1299175E200E80D62 /* NDPostTableViewCell.swift */,
				D639ACDD2991544200E80D62 /* NDFavoritesView.swift */,
			);
			path = Views;
			sourceTree = "<group>";
		};
		D639ACBE299145AF00E80D62 /* ViewModels */ = {
			isa = PBXGroup;
			children = (
				D69779CE299EA90D00583AE3 /* AuthorisationViewsViewModels */,
				D639ACF32997F18600E80D62 /* FeedViewModels */,
				D639ACFC2998FF5800E80D62 /* ProfileViewModels */,
				D639ACE329917A0800E80D62 /* NDPostTableViewCellViewModel.swift */,
				D639ACD72991538400E80D62 /* NDFavoritesViewViewModel.swift */,
			);
			path = ViewModels;
			sourceTree = "<group>";
		};
		D639ACBF299145B700E80D62 /* Models */ = {
			isa = PBXGroup;
			children = (
				D639ACC82991515C00E80D62 /* NDPostModel.swift */,
				D639ACCA2991531D00E80D62 /* NDUserModel.swift */,
				D639ACE529940B3F00E80D62 /* NDDetailedUserInfo.swift */,
				D639ACE729940D4800E80D62 /* NDCommentModel.swift */,
			);
			path = Models;
			sourceTree = "<group>";
		};
		D639ACF32997F18600E80D62 /* FeedViewModels */ = {
			isa = PBXGroup;
			children = (
				D639ACD32991536100E80D62 /* NDFeedViewViewModel.swift */,
				D639ACEF2997CBAA00E80D62 /* NDFeedHeadViewCollectionViewViewModel.swift */,
				D639ACF12997D58200E80D62 /* NDFeedHeadViewCollectionViewCellViewModel.swift */,
			);
			path = FeedViewModels;
			sourceTree = "<group>";
		};
		D639ACF42997F1A500E80D62 /* FeedViews */ = {
			isa = PBXGroup;
			children = (
				D639ACD92991541600E80D62 /* NDFeedView.swift */,
				D639ACE92997C13B00E80D62 /* NDFeedTableHeaderView.swift */,
				D639ACEB2997C49200E80D62 /* NDFeedHeaderView.swift */,
				D639ACED2997C9F100E80D62 /* NDFeedHeaderViewCollectionViewCell.swift */,
			);
			path = FeedViews;
			sourceTree = "<group>";
		};
		D639ACFB2998FF3200E80D62 /* ProfileViews */ = {
			isa = PBXGroup;
			children = (
				D639ACDB2991543300E80D62 /* NDProfileView.swift */,
				D639ACF52997F5F700E80D62 /* NDProfileTableHeaderView.swift */,
				D639ACF72997F64B00E80D62 /* NDProfileHeaderView.swift */,
				D6746DEB29990062005E5584 /* NDProfileHeaderViewCollectionViewCell.swift */,
				D6FFA04229A264C700A9F569 /* NDDetailedInfoView.swift */,
			);
			path = ProfileViews;
			sourceTree = "<group>";
		};
		D639ACFC2998FF5800E80D62 /* ProfileViewModels */ = {
			isa = PBXGroup;
			children = (
				D639ACD52991536F00E80D62 /* NDProfileViewViewModel.swift */,
				D639ACF92997F83600E80D62 /* NDProfileHeaderViewViewModel.swift */,
				D6746DED2999045F005E5584 /* NDProfileHeaderViewCollectionViewCellViewModel.swift */,
				D6FFA04429A2837900A9F569 /* NDDetailedInfoViewViewModel.swift */,
			);
			path = ProfileViewModels;
			sourceTree = "<group>";
		};
		D67D1BAA299142CF00385265 = {
			isa = PBXGroup;
			children = (
				D67D1BB5299142CF00385265 /* NetologyDiplom */,
				D67D1BB4299142CF00385265 /* Products */,
			);
			sourceTree = "<group>";
		};
		D67D1BB4299142CF00385265 /* Products */ = {
			isa = PBXGroup;
			children = (
				D67D1BB3299142CF00385265 /* NetologyDiplom.app */,
			);
			name = Products;
			sourceTree = "<group>";
		};
		D67D1BB5299142CF00385265 /* NetologyDiplom */ = {
			isa = PBXGroup;
			children = (
				D639ACBB2991456400E80D62 /* Resources */,
				D69779CB299D6FCE00583AE3 /* Managers */,
				D639ACBF299145B700E80D62 /* Models */,
				D639ACBE299145AF00E80D62 /* ViewModels */,
				D639ACBD2991459100E80D62 /* Views */,
				D639ACBC2991458A00E80D62 /* Controllers */,
				D67D1BC4299142D000385265 /* Info.plist */,
				D69779C0299ABABE00583AE3 /* GoogleService-Info.plist */,
			);
			path = NetologyDiplom;
			sourceTree = "<group>";
		};
		D69779CB299D6FCE00583AE3 /* Managers */ = {
			isa = PBXGroup;
			children = (
				D69779CC299D700700583AE3 /* NDAuthenticationManager.swift */,
				D69779D229A118C400583AE3 /* NDUserManager.swift */,
				D6FFA03D29A14D6D00A9F569 /* NDFirestroreManager.swift */,
			);
			path = Managers;
			sourceTree = "<group>";
		};
		D69779CE299EA90D00583AE3 /* AuthorisationViewsViewModels */ = {
			isa = PBXGroup;
			children = (
				D69779D0299EA94000583AE3 /* NDRegisterUserViewViewModel.swift */,
				D69779D629A12DFF00583AE3 /* NDSingInViewViewModel.swift */,
			);
			path = AuthorisationViewsViewModels;
			sourceTree = "<group>";
		};
		D6FFA03F29A2640900A9F569 /* Profile */ = {
			isa = PBXGroup;
			children = (
				D639ACC22991478600E80D62 /* NDProfileViewController.swift */,
				D6FFA04029A2645500A9F569 /* NDDetailedUserInfoViewController.swift */,
			);
			path = Profile;
			sourceTree = "<group>";
		};
/* End PBXGroup section */

/* Begin PBXNativeTarget section */
		D67D1BB2299142CF00385265 /* NetologyDiplom */ = {
			isa = PBXNativeTarget;
			buildConfigurationList = D67D1BC7299142D000385265 /* Build configuration list for PBXNativeTarget "NetologyDiplom" */;
			buildPhases = (
				D67D1BAF299142CF00385265 /* Sources */,
				D67D1BB0299142CF00385265 /* Frameworks */,
				D67D1BB1299142CF00385265 /* Resources */,
			);
			buildRules = (
			);
			dependencies = (
			);
			name = NetologyDiplom;
			packageProductDependencies = (
				D69779C3299ABB1700583AE3 /* FirebaseAuth */,
				D69779C5299ABB1700583AE3 /* FirebaseFirestore */,
				D69779C7299ABB1700583AE3 /* FirebaseFirestoreSwift */,
				D69779C9299ABB1700583AE3 /* FirebaseStorage */,
			);
			productName = NetologyDiplom;
			productReference = D67D1BB3299142CF00385265 /* NetologyDiplom.app */;
			productType = "com.apple.product-type.application";
		};
/* End PBXNativeTarget section */

/* Begin PBXProject section */
		D67D1BAB299142CF00385265 /* Project object */ = {
			isa = PBXProject;
			attributes = {
				BuildIndependentTargetsInParallel = 1;
				LastSwiftUpdateCheck = 1420;
				LastUpgradeCheck = 1420;
				TargetAttributes = {
					D67D1BB2299142CF00385265 = {
						CreatedOnToolsVersion = 14.2;
					};
				};
			};
			buildConfigurationList = D67D1BAE299142CF00385265 /* Build configuration list for PBXProject "NetologyDiplom" */;
			compatibilityVersion = "Xcode 14.0";
			developmentRegion = en;
			hasScannedForEncodings = 0;
			knownRegions = (
				en,
				Base,
			);
			mainGroup = D67D1BAA299142CF00385265;
			packageReferences = (
				D69779C2299ABB1700583AE3 /* XCRemoteSwiftPackageReference "firebase-ios-sdk" */,
			);
			productRefGroup = D67D1BB4299142CF00385265 /* Products */;
			projectDirPath = "";
			projectRoot = "";
			targets = (
				D67D1BB2299142CF00385265 /* NetologyDiplom */,
			);
		};
/* End PBXProject section */

/* Begin PBXResourcesBuildPhase section */
		D67D1BB1299142CF00385265 /* Resources */ = {
			isa = PBXResourcesBuildPhase;
			buildActionMask = 2147483647;
			files = (
				D67D1BC3299142D000385265 /* LaunchScreen.storyboard in Resources */,
				D67D1BC0299142D000385265 /* Assets.xcassets in Resources */,
				D69779C1299ABABE00583AE3 /* GoogleService-Info.plist in Resources */,
			);
			runOnlyForDeploymentPostprocessing = 0;
		};
/* End PBXResourcesBuildPhase section */

/* Begin PBXSourcesBuildPhase section */
		D67D1BAF299142CF00385265 /* Sources */ = {
			isa = PBXSourcesBuildPhase;
			buildActionMask = 2147483647;
			files = (
				D639ACDA2991541600E80D62 /* NDFeedView.swift in Sources */,
				D605909F2999671C00C53D7C /* NDAuthorisationViewController.swift in Sources */,
				D6FFA04329A264C700A9F569 /* NDDetailedInfoView.swift in Sources */,
				D639ACC5299147B200E80D62 /* NDFavoritesViewController.swift in Sources */,
				D67D1BBB299142CF00385265 /* NDFeedViewController.swift in Sources */,
				D639ACC7299147EE00E80D62 /* NDTabBarController.swift in Sources */,
				D60590A42999672F00C53D7C /* NDAuthorisationView.swift in Sources */,
				D639ACE629940B3F00E80D62 /* NDDetailedUserInfo.swift in Sources */,
				D639ACEE2997C9F100E80D62 /* NDFeedHeaderViewCollectionViewCell.swift in Sources */,
				D639ACEC2997C49200E80D62 /* NDFeedHeaderView.swift in Sources */,
				D60590A32999672F00C53D7C /* NDRegisterUserView.swift in Sources */,
				D639ACF82997F64B00E80D62 /* NDProfileHeaderView.swift in Sources */,
				D639ACDE2991544200E80D62 /* NDFavoritesView.swift in Sources */,
				D639ACF22997D58200E80D62 /* NDFeedHeadViewCollectionViewCellViewModel.swift in Sources */,
				D639ACD82991538400E80D62 /* NDFavoritesViewViewModel.swift in Sources */,
				D69779D529A12C5B00583AE3 /* NDSingInView.swift in Sources */,
				D639ACC92991515C00E80D62 /* NDPostModel.swift in Sources */,
				D6746DEC29990062005E5584 /* NDProfileHeaderViewCollectionViewCell.swift in Sources */,
				D639ACD42991536100E80D62 /* NDFeedViewViewModel.swift in Sources */,
				D639ACFA2997F83600E80D62 /* NDProfileHeaderViewViewModel.swift in Sources */,
				D639ACD62991536F00E80D62 /* NDProfileViewViewModel.swift in Sources */,
				D69779D1299EA94000583AE3 /* NDRegisterUserViewViewModel.swift in Sources */,
				D639ACC32991478600E80D62 /* NDProfileViewController.swift in Sources */,
				D639ACE02991738F00E80D62 /* Extentions.swift in Sources */,
				D6FFA04529A2837900A9F569 /* NDDetailedInfoViewViewModel.swift in Sources */,
				D639ACE829940D4800E80D62 /* NDCommentModel.swift in Sources */,
				D639ACE429917A0800E80D62 /* NDPostTableViewCellViewModel.swift in Sources */,
				D605909E2999671C00C53D7C /* NDRegisterUserViewController.swift in Sources */,
				D69779CD299D700700583AE3 /* NDAuthenticationManager.swift in Sources */,
				D605909D2999671C00C53D7C /* NDSingInViewController.swift in Sources */,
				D639ACDC2991543300E80D62 /* NDProfileView.swift in Sources */,
				D6746DEE2999045F005E5584 /* NDProfileHeaderViewCollectionViewCellViewModel.swift in Sources */,
				D6FFA03E29A14D6D00A9F569 /* NDFirestroreManager.swift in Sources */,
				D69779D329A118C400583AE3 /* NDUserManager.swift in Sources */,
				D639ACEA2997C13B00E80D62 /* NDFeedTableHeaderView.swift in Sources */,
				D67D1BB7299142CF00385265 /* AppDelegate.swift in Sources */,
				D69779D729A12DFF00583AE3 /* NDSingInViewViewModel.swift in Sources */,
				D639ACCB2991531D00E80D62 /* NDUserModel.swift in Sources */,
				D639ACF62997F5F700E80D62 /* NDProfileTableHeaderView.swift in Sources */,
				D639ACF02997CBAA00E80D62 /* NDFeedHeadViewCollectionViewViewModel.swift in Sources */,
				D67D1BB9299142CF00385265 /* SceneDelegate.swift in Sources */,
				D639ACE2299175E200E80D62 /* NDPostTableViewCell.swift in Sources */,
				D6FFA04129A2645500A9F569 /* NDDetailedUserInfoViewController.swift in Sources */,
			);
			runOnlyForDeploymentPostprocessing = 0;
		};
/* End PBXSourcesBuildPhase section */

/* Begin PBXVariantGroup section */
		D67D1BC1299142D000385265 /* LaunchScreen.storyboard */ = {
			isa = PBXVariantGroup;
			children = (
				D67D1BC2299142D000385265 /* Base */,
			);
			name = LaunchScreen.storyboard;
			sourceTree = "<group>";
		};
/* End PBXVariantGroup section */

/* Begin XCBuildConfiguration section */
		D67D1BC5299142D000385265 /* Debug */ = {
			isa = XCBuildConfiguration;
			buildSettings = {
				ALWAYS_SEARCH_USER_PATHS = NO;
				CLANG_ANALYZER_NONNULL = YES;
				CLANG_ANALYZER_NUMBER_OBJECT_CONVERSION = YES_AGGRESSIVE;
				CLANG_CXX_LANGUAGE_STANDARD = "gnu++20";
				CLANG_ENABLE_MODULES = YES;
				CLANG_ENABLE_OBJC_ARC = YES;
				CLANG_ENABLE_OBJC_WEAK = YES;
				CLANG_WARN_BLOCK_CAPTURE_AUTORELEASING = YES;
				CLANG_WARN_BOOL_CONVERSION = YES;
				CLANG_WARN_COMMA = YES;
				CLANG_WARN_CONSTANT_CONVERSION = YES;
				CLANG_WARN_DEPRECATED_OBJC_IMPLEMENTATIONS = YES;
				CLANG_WARN_DIRECT_OBJC_ISA_USAGE = YES_ERROR;
				CLANG_WARN_DOCUMENTATION_COMMENTS = YES;
				CLANG_WARN_EMPTY_BODY = YES;
				CLANG_WARN_ENUM_CONVERSION = YES;
				CLANG_WARN_INFINITE_RECURSION = YES;
				CLANG_WARN_INT_CONVERSION = YES;
				CLANG_WARN_NON_LITERAL_NULL_CONVERSION = YES;
				CLANG_WARN_OBJC_IMPLICIT_RETAIN_SELF = YES;
				CLANG_WARN_OBJC_LITERAL_CONVERSION = YES;
				CLANG_WARN_OBJC_ROOT_CLASS = YES_ERROR;
				CLANG_WARN_QUOTED_INCLUDE_IN_FRAMEWORK_HEADER = YES;
				CLANG_WARN_RANGE_LOOP_ANALYSIS = YES;
				CLANG_WARN_STRICT_PROTOTYPES = YES;
				CLANG_WARN_SUSPICIOUS_MOVE = YES;
				CLANG_WARN_UNGUARDED_AVAILABILITY = YES_AGGRESSIVE;
				CLANG_WARN_UNREACHABLE_CODE = YES;
				CLANG_WARN__DUPLICATE_METHOD_MATCH = YES;
				COPY_PHASE_STRIP = NO;
				DEBUG_INFORMATION_FORMAT = dwarf;
				ENABLE_STRICT_OBJC_MSGSEND = YES;
				ENABLE_TESTABILITY = YES;
				GCC_C_LANGUAGE_STANDARD = gnu11;
				GCC_DYNAMIC_NO_PIC = NO;
				GCC_NO_COMMON_BLOCKS = YES;
				GCC_OPTIMIZATION_LEVEL = 0;
				GCC_PREPROCESSOR_DEFINITIONS = (
					"DEBUG=1",
					"$(inherited)",
				);
				GCC_WARN_64_TO_32_BIT_CONVERSION = YES;
				GCC_WARN_ABOUT_RETURN_TYPE = YES_ERROR;
				GCC_WARN_UNDECLARED_SELECTOR = YES;
				GCC_WARN_UNINITIALIZED_AUTOS = YES_AGGRESSIVE;
				GCC_WARN_UNUSED_FUNCTION = YES;
				GCC_WARN_UNUSED_VARIABLE = YES;
				IPHONEOS_DEPLOYMENT_TARGET = 16.2;
				MTL_ENABLE_DEBUG_INFO = INCLUDE_SOURCE;
				MTL_FAST_MATH = YES;
				ONLY_ACTIVE_ARCH = YES;
				SDKROOT = iphoneos;
				SWIFT_ACTIVE_COMPILATION_CONDITIONS = DEBUG;
				SWIFT_OPTIMIZATION_LEVEL = "-Onone";
			};
			name = Debug;
		};
		D67D1BC6299142D000385265 /* Release */ = {
			isa = XCBuildConfiguration;
			buildSettings = {
				ALWAYS_SEARCH_USER_PATHS = NO;
				CLANG_ANALYZER_NONNULL = YES;
				CLANG_ANALYZER_NUMBER_OBJECT_CONVERSION = YES_AGGRESSIVE;
				CLANG_CXX_LANGUAGE_STANDARD = "gnu++20";
				CLANG_ENABLE_MODULES = YES;
				CLANG_ENABLE_OBJC_ARC = YES;
				CLANG_ENABLE_OBJC_WEAK = YES;
				CLANG_WARN_BLOCK_CAPTURE_AUTORELEASING = YES;
				CLANG_WARN_BOOL_CONVERSION = YES;
				CLANG_WARN_COMMA = YES;
				CLANG_WARN_CONSTANT_CONVERSION = YES;
				CLANG_WARN_DEPRECATED_OBJC_IMPLEMENTATIONS = YES;
				CLANG_WARN_DIRECT_OBJC_ISA_USAGE = YES_ERROR;
				CLANG_WARN_DOCUMENTATION_COMMENTS = YES;
				CLANG_WARN_EMPTY_BODY = YES;
				CLANG_WARN_ENUM_CONVERSION = YES;
				CLANG_WARN_INFINITE_RECURSION = YES;
				CLANG_WARN_INT_CONVERSION = YES;
				CLANG_WARN_NON_LITERAL_NULL_CONVERSION = YES;
				CLANG_WARN_OBJC_IMPLICIT_RETAIN_SELF = YES;
				CLANG_WARN_OBJC_LITERAL_CONVERSION = YES;
				CLANG_WARN_OBJC_ROOT_CLASS = YES_ERROR;
				CLANG_WARN_QUOTED_INCLUDE_IN_FRAMEWORK_HEADER = YES;
				CLANG_WARN_RANGE_LOOP_ANALYSIS = YES;
				CLANG_WARN_STRICT_PROTOTYPES = YES;
				CLANG_WARN_SUSPICIOUS_MOVE = YES;
				CLANG_WARN_UNGUARDED_AVAILABILITY = YES_AGGRESSIVE;
				CLANG_WARN_UNREACHABLE_CODE = YES;
				CLANG_WARN__DUPLICATE_METHOD_MATCH = YES;
				COPY_PHASE_STRIP = NO;
				DEBUG_INFORMATION_FORMAT = "dwarf-with-dsym";
				ENABLE_NS_ASSERTIONS = NO;
				ENABLE_STRICT_OBJC_MSGSEND = YES;
				GCC_C_LANGUAGE_STANDARD = gnu11;
				GCC_NO_COMMON_BLOCKS = YES;
				GCC_WARN_64_TO_32_BIT_CONVERSION = YES;
				GCC_WARN_ABOUT_RETURN_TYPE = YES_ERROR;
				GCC_WARN_UNDECLARED_SELECTOR = YES;
				GCC_WARN_UNINITIALIZED_AUTOS = YES_AGGRESSIVE;
				GCC_WARN_UNUSED_FUNCTION = YES;
				GCC_WARN_UNUSED_VARIABLE = YES;
				IPHONEOS_DEPLOYMENT_TARGET = 16.2;
				MTL_ENABLE_DEBUG_INFO = NO;
				MTL_FAST_MATH = YES;
				SDKROOT = iphoneos;
				SWIFT_COMPILATION_MODE = wholemodule;
				SWIFT_OPTIMIZATION_LEVEL = "-O";
				VALIDATE_PRODUCT = YES;
			};
			name = Release;
		};
		D67D1BC8299142D000385265 /* Debug */ = {
			isa = XCBuildConfiguration;
			buildSettings = {
				ASSETCATALOG_COMPILER_APPICON_NAME = AppIcon;
				ASSETCATALOG_COMPILER_GLOBAL_ACCENT_COLOR_NAME = AccentColor;
				CODE_SIGN_STYLE = Automatic;
				CURRENT_PROJECT_VERSION = 1;
				GENERATE_INFOPLIST_FILE = YES;
				INFOPLIST_FILE = NetologyDiplom/Info.plist;
				INFOPLIST_KEY_UIApplicationSupportsIndirectInputEvents = YES;
				INFOPLIST_KEY_UILaunchStoryboardName = LaunchScreen;
				INFOPLIST_KEY_UISupportedInterfaceOrientations_iPad = "UIInterfaceOrientationPortrait UIInterfaceOrientationPortraitUpsideDown UIInterfaceOrientationLandscapeLeft UIInterfaceOrientationLandscapeRight";
				INFOPLIST_KEY_UISupportedInterfaceOrientations_iPhone = "UIInterfaceOrientationPortrait UIInterfaceOrientationLandscapeLeft UIInterfaceOrientationLandscapeRight";
				IPHONEOS_DEPLOYMENT_TARGET = 15.0;
				LD_RUNPATH_SEARCH_PATHS = (
					"$(inherited)",
					"@executable_path/Frameworks",
				);
				MARKETING_VERSION = 1.0;
				PRODUCT_BUNDLE_IDENTIFIER = com.rbespalov.NetologyDiplom;
				PRODUCT_NAME = "$(TARGET_NAME)";
				SUPPORTED_PLATFORMS = "iphoneos iphonesimulator";
				SUPPORTS_MACCATALYST = NO;
				SUPPORTS_MAC_DESIGNED_FOR_IPHONE_IPAD = NO;
				SWIFT_EMIT_LOC_STRINGS = YES;
				SWIFT_VERSION = 5.0;
				TARGETED_DEVICE_FAMILY = "1,2";
			};
			name = Debug;
		};
		D67D1BC9299142D000385265 /* Release */ = {
			isa = XCBuildConfiguration;
			buildSettings = {
				ASSETCATALOG_COMPILER_APPICON_NAME = AppIcon;
				ASSETCATALOG_COMPILER_GLOBAL_ACCENT_COLOR_NAME = AccentColor;
				CODE_SIGN_STYLE = Automatic;
				CURRENT_PROJECT_VERSION = 1;
				GENERATE_INFOPLIST_FILE = YES;
				INFOPLIST_FILE = NetologyDiplom/Info.plist;
				INFOPLIST_KEY_UIApplicationSupportsIndirectInputEvents = YES;
				INFOPLIST_KEY_UILaunchStoryboardName = LaunchScreen;
				INFOPLIST_KEY_UISupportedInterfaceOrientations_iPad = "UIInterfaceOrientationPortrait UIInterfaceOrientationPortraitUpsideDown UIInterfaceOrientationLandscapeLeft UIInterfaceOrientationLandscapeRight";
				INFOPLIST_KEY_UISupportedInterfaceOrientations_iPhone = "UIInterfaceOrientationPortrait UIInterfaceOrientationLandscapeLeft UIInterfaceOrientationLandscapeRight";
				IPHONEOS_DEPLOYMENT_TARGET = 15.0;
				LD_RUNPATH_SEARCH_PATHS = (
					"$(inherited)",
					"@executable_path/Frameworks",
				);
				MARKETING_VERSION = 1.0;
				PRODUCT_BUNDLE_IDENTIFIER = com.rbespalov.NetologyDiplom;
				PRODUCT_NAME = "$(TARGET_NAME)";
				SUPPORTED_PLATFORMS = "iphoneos iphonesimulator";
				SUPPORTS_MACCATALYST = NO;
				SUPPORTS_MAC_DESIGNED_FOR_IPHONE_IPAD = NO;
				SWIFT_EMIT_LOC_STRINGS = YES;
				SWIFT_VERSION = 5.0;
				TARGETED_DEVICE_FAMILY = "1,2";
			};
			name = Release;
		};
/* End XCBuildConfiguration section */

/* Begin XCConfigurationList section */
		D67D1BAE299142CF00385265 /* Build configuration list for PBXProject "NetologyDiplom" */ = {
			isa = XCConfigurationList;
			buildConfigurations = (
				D67D1BC5299142D000385265 /* Debug */,
				D67D1BC6299142D000385265 /* Release */,
			);
			defaultConfigurationIsVisible = 0;
			defaultConfigurationName = Release;
		};
		D67D1BC7299142D000385265 /* Build configuration list for PBXNativeTarget "NetologyDiplom" */ = {
			isa = XCConfigurationList;
			buildConfigurations = (
				D67D1BC8299142D000385265 /* Debug */,
				D67D1BC9299142D000385265 /* Release */,
			);
			defaultConfigurationIsVisible = 0;
			defaultConfigurationName = Release;
		};
/* End XCConfigurationList section */

/* Begin XCRemoteSwiftPackageReference section */
		D69779C2299ABB1700583AE3 /* XCRemoteSwiftPackageReference "firebase-ios-sdk" */ = {
			isa = XCRemoteSwiftPackageReference;
			repositoryURL = "https://github.com/firebase/firebase-ios-sdk";
			requirement = {
				kind = upToNextMajorVersion;
				minimumVersion = 9.0.0;
			};
		};
/* End XCRemoteSwiftPackageReference section */

/* Begin XCSwiftPackageProductDependency section */
		D69779C3299ABB1700583AE3 /* FirebaseAuth */ = {
			isa = XCSwiftPackageProductDependency;
			package = D69779C2299ABB1700583AE3 /* XCRemoteSwiftPackageReference "firebase-ios-sdk" */;
			productName = FirebaseAuth;
		};
		D69779C5299ABB1700583AE3 /* FirebaseFirestore */ = {
			isa = XCSwiftPackageProductDependency;
			package = D69779C2299ABB1700583AE3 /* XCRemoteSwiftPackageReference "firebase-ios-sdk" */;
			productName = FirebaseFirestore;
		};
		D69779C7299ABB1700583AE3 /* FirebaseFirestoreSwift */ = {
			isa = XCSwiftPackageProductDependency;
			package = D69779C2299ABB1700583AE3 /* XCRemoteSwiftPackageReference "firebase-ios-sdk" */;
			productName = FirebaseFirestoreSwift;
		};
		D69779C9299ABB1700583AE3 /* FirebaseStorage */ = {
			isa = XCSwiftPackageProductDependency;
			package = D69779C2299ABB1700583AE3 /* XCRemoteSwiftPackageReference "firebase-ios-sdk" */;
			productName = FirebaseStorage;
		};
/* End XCSwiftPackageProductDependency section */
	};
	rootObject = D67D1BAB299142CF00385265 /* Project object */;
}
